
Microsoft Visual Studio Solution File, Format Version 12.00
# Visual Studio Version 17
VisualStudioVersion = 17.1.32414.318
MinimumVisualStudioVersion = 10.0.40219.1
Project("{FAE04EC0-301F-11D3-BF4B-00C04F79EFBC}") = "miniTC", "miniTC\miniTC.csproj", "{AECABAAC-E112-4627-8445-5938A1D00F74}"
EndProject
Global
	GlobalSection(SolutionConfigurationPlatforms) = preSolution
		Debug|Any CPU = Debug|Any CPU
		Release|Any CPU = Release|Any CPU
	EndGlobalSection
	GlobalSection(ProjectConfigurationPlatforms) = postSolution
		{AECABAAC-E112-4627-8445-5938A1D00F74}.Debug|Any CPU.ActiveCfg = Debug|Any CPU
		{AECABAAC-E112-4627-8445-5938A1D00F74}.Debug|Any CPU.Build.0 = Debug|Any CPU
		{AECABAAC-E112-4627-8445-5938A1D00F74}.Release|Any CPU.ActiveCfg = Release|Any CPU
		{AECABAAC-E112-4627-8445-5938A1D00F74}.Release|Any CPU.Build.0 = Release|Any CPU
	EndGlobalSection
	GlobalSection(SolutionProperties) = preSolution
		HideSolutionNode = FALSE
	EndGlobalSection
	GlobalSection(ExtensibilityGlobals) = postSolution
		SolutionGuid = {5F82E639-104E-468A-A372-D277D0286391}
	EndGlobalSection
EndGlobal
